
Microsoft Visual Studio Solution File, Format Version 12.00
# Visual Studio Version 17
VisualStudioVersion = 17.7.34031.279
MinimumVisualStudioVersion = 10.0.40219.1
Project("{FAE04EC0-301F-11D3-BF4B-00C04F79EFBC}") = "qq1labTests", "qq1labTests.csproj", "{4B7946CE-8724-409D-92F7-2EA8C2DDA7B2}"
EndProject
Global
	GlobalSection(SolutionConfigurationPlatforms) = preSolution
		Debug|Any CPU = Debug|Any CPU
		Release|Any CPU = Release|Any CPU
	EndGlobalSection
	GlobalSection(ProjectConfigurationPlatforms) = postSolution
		{4B7946CE-8724-409D-92F7-2EA8C2DDA7B2}.Debug|Any CPU.ActiveCfg = Debug|Any CPU
		{4B7946CE-8724-409D-92F7-2EA8C2DDA7B2}.Debug|Any CPU.Build.0 = Debug|Any CPU
		{4B7946CE-8724-409D-92F7-2EA8C2DDA7B2}.Release|Any CPU.ActiveCfg = Release|Any CPU
		{4B7946CE-8724-409D-92F7-2EA8C2DDA7B2}.Release|Any CPU.Build.0 = Release|Any CPU
	EndGlobalSection
	GlobalSection(SolutionProperties) = preSolution
		HideSolutionNode = FALSE
	EndGlobalSection
	GlobalSection(ExtensibilityGlobals) = postSolution
		SolutionGuid = {5A1419C8-43B0-43C3-A37C-26B1E5E256D1}
	EndGlobalSection
EndGlobal
