
Microsoft Visual Studio Solution File, Format Version 12.00
# Visual Studio Version 17
VisualStudioVersion = 17.4.33122.133
MinimumVisualStudioVersion = 10.0.40219.1
Project("{FAE04EC0-301F-11D3-BF4B-00C04F79EFBC}") = "UITests", "UITests\UITests.csproj", "{310939C4-47C4-4BC6-8292-6797C8A4646B}"
EndProject
Global
	GlobalSection(SolutionConfigurationPlatforms) = preSolution
		Debug|Any CPU = Debug|Any CPU
		Release|Any CPU = Release|Any CPU
	EndGlobalSection
	GlobalSection(ProjectConfigurationPlatforms) = postSolution
		{310939C4-47C4-4BC6-8292-6797C8A4646B}.Debug|Any CPU.ActiveCfg = Debug|Any CPU
		{310939C4-47C4-4BC6-8292-6797C8A4646B}.Debug|Any CPU.Build.0 = Debug|Any CPU
		{310939C4-47C4-4BC6-8292-6797C8A4646B}.Release|Any CPU.ActiveCfg = Release|Any CPU
		{310939C4-47C4-4BC6-8292-6797C8A4646B}.Release|Any CPU.Build.0 = Release|Any CPU
	EndGlobalSection
	GlobalSection(SolutionProperties) = preSolution
		HideSolutionNode = FALSE
	EndGlobalSection
	GlobalSection(ExtensibilityGlobals) = postSolution
		SolutionGuid = {6139ABCD-0858-4E67-A9F7-145433DB2AAC}
	EndGlobalSection
EndGlobal
